
Microsoft Visual Studio Solution File, Format Version 12.00
# Visual Studio 15
VisualStudioVersion = 15.0.28307.1300
MinimumVisualStudioVersion = 10.0.40219.1
Project("{FAE04EC0-301F-11D3-BF4B-00C04F79EFBC}") = "Apallon1", "Apallon1\Apallon1.csproj", "{E9AB897E-6CF1-46C3-B6A5-8AA0F83DA06F}"
EndProject
Global
	GlobalSection(SolutionConfigurationPlatforms) = preSolution
		Debug|Any CPU = Debug|Any CPU
		Release|Any CPU = Release|Any CPU
	EndGlobalSection
	GlobalSection(ProjectConfigurationPlatforms) = postSolution
		{E9AB897E-6CF1-46C3-B6A5-8AA0F83DA06F}.Debug|Any CPU.ActiveCfg = Debug|Any CPU
		{E9AB897E-6CF1-46C3-B6A5-8AA0F83DA06F}.Debug|Any CPU.Build.0 = Debug|Any CPU
		{E9AB897E-6CF1-46C3-B6A5-8AA0F83DA06F}.Release|Any CPU.ActiveCfg = Release|Any CPU
		{E9AB897E-6CF1-46C3-B6A5-8AA0F83DA06F}.Release|Any CPU.Build.0 = Release|Any CPU
	EndGlobalSection
	GlobalSection(SolutionProperties) = preSolution
		HideSolutionNode = FALSE
	EndGlobalSection
	GlobalSection(ExtensibilityGlobals) = postSolution
		SolutionGuid = {F9A36D1A-D409-4BC5-A42E-A1C05BA7E3EB}
	EndGlobalSection
EndGlobal
